
Microsoft Visual Studio Solution File, Format Version 12.00
# Visual Studio Version 17
VisualStudioVersion = 17.8.34309.116
MinimumVisualStudioVersion = 10.0.40219.1
Project("{9A19103F-16F7-4668-BE54-9A1E7A4F7556}") = "SolisCore", "SolisCore\SolisCore.csproj", "{C5D0EC82-C822-4F9E-95ED-2DFF541214C5}"
EndProject
Project("{2150E333-8FDC-42A3-9474-1A3956D46DE8}") = "Docs", "Docs", "{FFD3F117-43F7-46B2-BB9D-AE291303FA9C}"
EndProject
Project("{FAE04EC0-301F-11D3-BF4B-00C04F79EFBC}") = "Test", "Test\Test.csproj", "{9C047C06-AFE3-4DC7-BA86-A1FBA15E45A1}"
EndProject
Global
	GlobalSection(SolutionConfigurationPlatforms) = preSolution
		Debug|Any CPU = Debug|Any CPU
		Release|Any CPU = Release|Any CPU
	EndGlobalSection
	GlobalSection(ProjectConfigurationPlatforms) = postSolution
		{C5D0EC82-C822-4F9E-95ED-2DFF541214C5}.Debug|Any CPU.ActiveCfg = Debug|Any CPU
		{C5D0EC82-C822-4F9E-95ED-2DFF541214C5}.Debug|Any CPU.Build.0 = Debug|Any CPU
		{C5D0EC82-C822-4F9E-95ED-2DFF541214C5}.Release|Any CPU.ActiveCfg = Release|Any CPU
		{C5D0EC82-C822-4F9E-95ED-2DFF541214C5}.Release|Any CPU.Build.0 = Release|Any CPU
		{9C047C06-AFE3-4DC7-BA86-A1FBA15E45A1}.Debug|Any CPU.ActiveCfg = Debug|Any CPU
		{9C047C06-AFE3-4DC7-BA86-A1FBA15E45A1}.Debug|Any CPU.Build.0 = Debug|Any CPU
		{9C047C06-AFE3-4DC7-BA86-A1FBA15E45A1}.Release|Any CPU.ActiveCfg = Release|Any CPU
		{9C047C06-AFE3-4DC7-BA86-A1FBA15E45A1}.Release|Any CPU.Build.0 = Release|Any CPU
	EndGlobalSection
	GlobalSection(SolutionProperties) = preSolution
		HideSolutionNode = FALSE
	EndGlobalSection
	GlobalSection(ExtensibilityGlobals) = postSolution
		SolutionGuid = {48193FFE-D10E-4E57-9437-C8D3CFD8C23F}
	EndGlobalSection
EndGlobal
